
Microsoft Visual Studio Solution File, Format Version 12.00
# Visual Studio 15
VisualStudioVersion = 15.0.26430.13
MinimumVisualStudioVersion = 10.0.40219.1
Project("{FAE04EC0-301F-11D3-BF4B-00C04F79EFBC}") = "MegaSlotChallenge", "MegaSlotChallenge\MegaSlotChallenge.csproj", "{B712BF47-4954-446C-AB8B-06B0EE1D0B5D}"
EndProject
Global
	GlobalSection(SolutionConfigurationPlatforms) = preSolution
		Debug|Any CPU = Debug|Any CPU
		Release|Any CPU = Release|Any CPU
	EndGlobalSection
	GlobalSection(ProjectConfigurationPlatforms) = postSolution
		{B712BF47-4954-446C-AB8B-06B0EE1D0B5D}.Debug|Any CPU.ActiveCfg = Debug|Any CPU
		{B712BF47-4954-446C-AB8B-06B0EE1D0B5D}.Debug|Any CPU.Build.0 = Debug|Any CPU
		{B712BF47-4954-446C-AB8B-06B0EE1D0B5D}.Release|Any CPU.ActiveCfg = Release|Any CPU
		{B712BF47-4954-446C-AB8B-06B0EE1D0B5D}.Release|Any CPU.Build.0 = Release|Any CPU
	EndGlobalSection
	GlobalSection(SolutionProperties) = preSolution
		HideSolutionNode = FALSE
	EndGlobalSection
EndGlobal
